{
  "name": "@concienciapp/tmp",
  "version": "1.1.39",
  "lockfileVersion": 3,
  "requires": true,
  "packages": {
    "": {
      "name": "@concienciapp/tmp",
      "version": "1.1.39",
      "license": "ISC",
      "dependencies": {
        "lodash-es": "^4.17.21",
        "sugar": "^2.0.6"
      },
      "devDependencies": {
        "@pipedream/types": "^0.3.0",
        "@types/lodash-es": "^4.17.12",
        "@types/node": "^20.14.7",
        "typescript": "^5.5.2"
      }
    },
    "node_modules/@pipedream/types": {
      "version": "0.3.0",
      "resolved": "https://registry.npmjs.org/@pipedream/types/-/types-0.3.0.tgz",
      "integrity": "sha512-cG71shIBMVN9a7vCJxIiIuawwTV+brw4ZwS0QJs7cCFiQxNXQzMCUrN/Q4PjbXOzHvCuX8P3+qskYTsDQ6Uj+w==",
      "dev": true,
      "dependencies": {
        "typescript": "^5.2.2"
      }
    },
    "node_modules/@types/lodash": {
      "version": "4.17.5",
      "resolved": "https://registry.npmjs.org/@types/lodash/-/lodash-4.17.5.tgz",
      "integrity": "sha512-MBIOHVZqVqgfro1euRDWX7OO0fBVUUMrN6Pwm8LQsz8cWhEpihlvR70ENj3f40j58TNxZaWv2ndSkInykNBBJw==",
      "dev": true
    },
    "node_modules/@types/lodash-es": {
      "version": "4.17.12",
      "resolved": "https://registry.npmjs.org/@types/lodash-es/-/lodash-es-4.17.12.tgz",
      "integrity": "sha512-0NgftHUcV4v34VhXm8QBSftKVXtbkBG3ViCjs6+eJ5a6y6Mi/jiFGPc1sC7QK+9BFhWrURE3EOggmWaSxL9OzQ==",
      "dev": true,
      "dependencies": {
        "@types/lodash": "*"
      }
    },
    "node_modules/@types/node": {
      "version": "20.14.7",
      "resolved": "https://registry.npmjs.org/@types/node/-/node-20.14.7.tgz",
      "integrity": "sha512-uTr2m2IbJJucF3KUxgnGOZvYbN0QgkGyWxG6973HCpMYFy2KfcgYuIwkJQMQkt1VbBMlvWRbpshFTLxnxCZjKQ==",
      "dev": true,
      "dependencies": {
        "undici-types": "~5.26.4"
      }
    },
    "node_modules/lodash-es": {
      "version": "4.17.21",
      "resolved": "https://registry.npmjs.org/lodash-es/-/lodash-es-4.17.21.tgz",
      "integrity": "sha512-mKnC+QJ9pWVzv+C4/U3rRsHapFfHvQFoFB92e52xeyGMcX6/OlIl78je1u8vePzYZSkkogMPJ2yjxxsb89cxyw=="
    },
    "node_modules/sugar": {
      "version": "2.0.6",
      "resolved": "https://registry.npmjs.org/sugar/-/sugar-2.0.6.tgz",
      "integrity": "sha512-s0P2/pjJtAD9VA44+2Gqm3NdC4v+08melA6YubOxzshu628krTbn95/M2GWMrI9rYspZMpYBIrChR46fjQ7xsQ==",
      "dependencies": {
        "sugar-core": "^2.0.0"
      },
      "engines": {
        "node": ">= 0.8.23"
      }
    },
    "node_modules/sugar-core": {
      "version": "2.0.6",
      "resolved": "https://registry.npmjs.org/sugar-core/-/sugar-core-2.0.6.tgz",
      "integrity": "sha512-YmLFysR3Si6RImqL1+aB6JH81EXxvXn5iXhPf2PsjfoUYEwCxFDYCQY+zC3WqviuGWzxFaSkkJvkUE05Y03L5Q==",
      "engines": {
        "node": ">= 0.8.23"
      }
    },
    "node_modules/typescript": {
      "version": "5.5.2",
      "resolved": "https://registry.npmjs.org/typescript/-/typescript-5.5.2.tgz",
      "integrity": "sha512-NcRtPEOsPFFWjobJEtfihkLCZCXZt/os3zf8nTxjVH3RvTSxjrCamJpbExGvYOF+tFHc3pA65qpdwPbzjohhew==",
      "dev": true,
      "bin": {
        "tsc": "bin/tsc",
        "tsserver": "bin/tsserver"
      },
      "engines": {
        "node": ">=14.17"
      }
    },
    "node_modules/undici-types": {
      "version": "5.26.5",
      "resolved": "https://registry.npmjs.org/undici-types/-/undici-types-5.26.5.tgz",
      "integrity": "sha512-JlCMO+ehdEIKqlFxk6IfVoAUVmgz7cU7zD/h9XZ0qzeosSHmUJVOzSQvvYSYWXkFXC+IfLKSIffhv0sVZup6pA==",
      "dev": true
    }
  }
}
