{
    "name": "@pipedream/stripe",
    "version": "0.3.3",
    "lockfileVersion": 1,
    "requires": true,
    "dependencies": {
        "@types/node": {
            "version": "14.14.20",
            "resolved": "https://registry.npmjs.org/@types/node/-/node-14.14.20.tgz",
            "integrity": "sha512-Y93R97Ouif9JEOWPIUyU+eyIdyRqQR0I8Ez1dzku4hDx34NWh4HbtIc3WNzwB1Y9ULvNGeu5B8h8bVL5cAk4/A=="
        },
        "qs": {
            "version": "6.9.4",
            "resolved": "https://registry.npmjs.org/qs/-/qs-6.9.4.tgz",
            "integrity": "sha512-A1kFqHekCTM7cz0udomYUoYNWjBebHm/5wzU/XqrBRBNWectVH0QIiN+NEcZ0Dte5hvzHwbr8+XQmguPhJ6WdQ=="
        },
        "stripe": {
            "version": "8.129.0",
            "resolved": "https://registry.npmjs.org/stripe/-/stripe-8.129.0.tgz",
            "integrity": "sha512-73b49GQg2+ig6Cet11QhN1WgBab+2xtHy57W4ZLRd9dq146vz+vik+kMQ7UAcTSF5vYyTM5Zo6POMZDPXqzWUg==",
            "requires": {
                "@types/node": ">=8.1.0",
                "qs": "^6.6.0"
            }
        }
    }
}
