{
    "name": "@pipedream/supersaas",
    "version": "0.3.3",
    "lockfileVersion": 1,
    "requires": true,
    "dependencies": {
        "@pipedreamhq/platform": {
            "version": "0.8.1",
            "resolved": "https://registry.npmjs.org/@pipedreamhq/platform/-/platform-0.8.1.tgz",
            "integrity": "sha512-VMSEi4i5gUXfcbmmXkntTXNCu8uq02lmENh5KHW+PLUHDjX259w5BahdGdD7KWanQSJsyf2BaWXjnEMf9YVEaA==",
            "requires": {
                "axios": "^0.19.0",
                "fp-ts": "^2.0.2",
                "io-ts": "^2.0.0"
            }
        },
        "axios": {
            "version": "0.19.2",
            "resolved": "https://registry.npmjs.org/axios/-/axios-0.19.2.tgz",
            "integrity": "sha512-fjgm5MvRHLhx+osE2xoekY70AhARk3a6hkN+3Io1jc00jtquGvxYlKlsFUhmUET0V5te6CcZI7lcv2Ym61mjHA==",
            "requires": {
                "follow-redirects": "1.5.10"
            }
        },
        "debug": {
            "version": "3.1.0",
            "resolved": "https://registry.npmjs.org/debug/-/debug-3.1.0.tgz",
            "integrity": "sha512-OX8XqP7/1a9cqkxYw2yXss15f26NKWBpDXQd0/uK/KPqdQhxbPa994hnzjcE2VqQpDslf55723cKPUOGSmMY3g==",
            "requires": {
                "ms": "2.0.0"
            }
        },
        "follow-redirects": {
            "version": "1.5.10",
            "resolved": "https://registry.npmjs.org/follow-redirects/-/follow-redirects-1.5.10.tgz",
            "integrity": "sha512-0V5l4Cizzvqt5D44aTXbFZz+FtyXV1vrDN6qrelxtfYQKW0KO0W2T/hkE8xvGa/540LkZlkaUjO4ailYTFtHVQ==",
            "requires": {
                "debug": "=3.1.0"
            }
        },
        "fp-ts": {
            "version": "2.9.3",
            "resolved": "https://registry.npmjs.org/fp-ts/-/fp-ts-2.9.3.tgz",
            "integrity": "sha512-NjzcHYgigcbPQ6yJ52zwgsVDwKz3vwy9sjbxyzcvfXQm+j1BGeOPRuzLKEwsLyE4Xut6gG1FXJtsU9/gUB7tXg=="
        },
        "io-ts": {
            "version": "2.2.13",
            "resolved": "https://registry.npmjs.org/io-ts/-/io-ts-2.2.13.tgz",
            "integrity": "sha512-BYJgE/BanovJKDvCnAkrr7f3gTucSyk+Sr5VtpouBO1/YfBKUyIn2z1ODG8LEF+1D4sjKZ3Bd/A5/v8JrJe5UQ=="
        },
        "ms": {
            "version": "2.0.0",
            "resolved": "https://registry.npmjs.org/ms/-/ms-2.0.0.tgz",
            "integrity": "sha1-VgiurfwAvmwpAd9fmGF4jeDVl8g="
        }
    }
}
