{
    "name": "@pipedream/webflow",
    "version": "0.3.3",
    "lockfileVersion": 1,
    "requires": true,
    "dependencies": {
        "encoding": {
            "version": "0.1.13",
            "resolved": "https://registry.npmjs.org/encoding/-/encoding-0.1.13.tgz",
            "integrity": "sha512-ETBauow1T35Y/WZMkio9jiM0Z5xjHHmJ4XmjZOq1l/dXz3lr2sRn87nJy20RupqSh1F2m3HHPSp8ShIPQJrJ3A==",
            "requires": {
                "iconv-lite": "^0.6.2"
            }
        },
        "es6-error": {
            "version": "4.1.1",
            "resolved": "https://registry.npmjs.org/es6-error/-/es6-error-4.1.1.tgz",
            "integrity": "sha512-Um/+FxMr9CISWh0bi5Zv0iOD+4cFh5qLeks1qhAopKVAJw3drgKbKySikp7wGhDL0HPeaja0P5ULZrxLkniUVg=="
        },
        "iconv-lite": {
            "version": "0.6.2",
            "resolved": "https://registry.npmjs.org/iconv-lite/-/iconv-lite-0.6.2.tgz",
            "integrity": "sha512-2y91h5OpQlolefMPmUlivelittSWy0rP+oYVpn6A7GwVHNE8AWzoYOBNmlwks3LobaJxgHCYZAnyNo2GgpNRNQ==",
            "requires": {
                "safer-buffer": ">= 2.1.2 < 3.0.0"
            }
        },
        "is-stream": {
            "version": "1.1.0",
            "resolved": "https://registry.npmjs.org/is-stream/-/is-stream-1.1.0.tgz",
            "integrity": "sha1-EtSj3U5o4Lec6428hBc66A2RykQ="
        },
        "isomorphic-fetch": {
            "version": "2.2.1",
            "resolved": "https://registry.npmjs.org/isomorphic-fetch/-/isomorphic-fetch-2.2.1.tgz",
            "integrity": "sha1-YRrhrPFPXoH3KVB0coGf6XM1WKk=",
            "requires": {
                "node-fetch": "^1.0.1",
                "whatwg-fetch": ">=0.10.0"
            }
        },
        "node-fetch": {
            "version": "1.7.3",
            "resolved": "https://registry.npmjs.org/node-fetch/-/node-fetch-1.7.3.tgz",
            "integrity": "sha512-NhZ4CsKx7cYm2vSrBAr2PvFOe6sWDf0UYLRqA6svUYg7+/TSfVAu49jYC4BvQ4Sms9SZgdqGBgroqfDhJdTyKQ==",
            "requires": {
                "encoding": "^0.1.11",
                "is-stream": "^1.0.1"
            }
        },
        "qs": {
            "version": "6.9.4",
            "resolved": "https://registry.npmjs.org/qs/-/qs-6.9.4.tgz",
            "integrity": "sha512-A1kFqHekCTM7cz0udomYUoYNWjBebHm/5wzU/XqrBRBNWectVH0QIiN+NEcZ0Dte5hvzHwbr8+XQmguPhJ6WdQ=="
        },
        "safer-buffer": {
            "version": "2.1.2",
            "resolved": "https://registry.npmjs.org/safer-buffer/-/safer-buffer-2.1.2.tgz",
            "integrity": "sha512-YZo3K82SD7Riyi0E1EQPojLz7kpepnSQI9IyPbHHg1XXXevb5dJI7tpyN2ADxGcQbHG7vcyRHk0cbwqcQriUtg=="
        },
        "webflow-api": {
            "version": "0.5.0",
            "resolved": "https://registry.npmjs.org/webflow-api/-/webflow-api-0.5.0.tgz",
            "integrity": "sha512-HR5yRBgZf7z53ySQ2yR4phtxY3dLd7sTe0xsQVAau4jPLUQ7IVl9K7APM9ebJUsgLYvWiZEYihSLaPnFqZojFA==",
            "requires": {
                "es6-error": "^4.0.0",
                "isomorphic-fetch": "^2.2.1",
                "qs": "^6.3.0"
            }
        },
        "whatwg-fetch": {
            "version": "3.5.0",
            "resolved": "https://registry.npmjs.org/whatwg-fetch/-/whatwg-fetch-3.5.0.tgz",
            "integrity": "sha512-jXkLtsR42xhXg7akoDKvKWE40eJeI+2KZqcp2h3NsOrRnDvtWX36KcKl30dy+hxECivdk2BVUHVNrPtoMBUx6A=="
        }
    }
}
