{
    "name": "@pipedream/data_stores",
    "version": "0.0.1",
    "lockfileVersion": 1,
    "requires": true,
    "dependencies": {
        "commander": {
            "version": "2.20.3",
            "resolved": "https://registry.npmjs.org/commander/-/commander-2.20.3.tgz",
            "integrity": "sha512-GpVkmM8vF2vQUkj2LvZmD35JxeJOLCwJ9cUkugyk2nuhbv3+mJvpLYYt+0+USMxE+oj+ey/lJEnhZw75x/OMcQ=="
        },
        "cssfilter": {
            "version": "0.0.10",
            "resolved": "https://registry.npmjs.org/cssfilter/-/cssfilter-0.0.10.tgz",
            "integrity": "sha1-xtJnJjKi5cg+AT5oZKQs6N79IK4="
        },
        "xss": {
            "version": "1.0.11",
            "resolved": "https://registry.npmjs.org/xss/-/xss-1.0.11.tgz",
            "integrity": "sha512-EimjrjThZeK2MO7WKR9mN5ZC1CSqivSl55wvUK5EtU6acf0rzEE1pN+9ZDrFXJ82BRp3JL38pPE6S4o/rpp1zQ==",
            "requires": {
                "commander": "^2.20.3",
                "cssfilter": "0.0.10"
            }
        }
    }
}
